Microsoft Visual Studio Solution File, Format Version 11.00
# Visual Studio 2008

Project("{510D069F-A7AC-5794-FB9B-10B21145AFCD}") = "Wavy Jump", "Assembly-CSharp.csproj", "{D2D1D390-8726-A5E5-58B2-7A4531EAFB4F}"
EndProject
Global
	GlobalSection(SolutionConfigurationPlatforms) = preSolution
		Debug|Any CPU = Debug|Any CPU
		Release|Any CPU = Release|Any CPU
	EndGlobalSection
	GlobalSection(ProjectConfigurationPlatforms) = postSolution
		{D2D1D390-8726-A5E5-58B2-7A4531EAFB4F}.Debug|Any CPU.ActiveCfg = Debug|Any CPU
		{D2D1D390-8726-A5E5-58B2-7A4531EAFB4F}.Debug|Any CPU.Build.0 = Debug|Any CPU
		{D2D1D390-8726-A5E5-58B2-7A4531EAFB4F}.Release|Any CPU.ActiveCfg = Release|Any CPU
		{D2D1D390-8726-A5E5-58B2-7A4531EAFB4F}.Release|Any CPU.Build.0 = Release|Any CPU
	EndGlobalSection
	GlobalSection(SolutionProperties) = preSolution
		HideSolutionNode = FALSE
	EndGlobalSection
	GlobalSection(MonoDevelopProperties) = preSolution
		StartupItem = Assembly-CSharp.csproj
	EndGlobalSection
EndGlobal
